
Microsoft Visual Studio Solution File, Format Version 12.00
# Visual Studio 2013
VisualStudioVersion = 12.0.40629.0
MinimumVisualStudioVersion = 10.0.40219.1
Project("{FAE04EC0-301F-11D3-BF4B-00C04F79EFBC}") = "JETest.tests", "JETEST\JETest.tests.csproj", "{C8ADABFA-88E2-4BFB-B824-9696AE2A93A8}"
EndProject
Project("{FAE04EC0-301F-11D3-BF4B-00C04F79EFBC}") = "JETest.ApiClient", "APIClient\JETest.ApiClient.csproj", "{958475D9-F45B-493C-93F3-8EEBA111C7C0}"
EndProject
Project("{FAE04EC0-301F-11D3-BF4B-00C04F79EFBC}") = "JETest.ConsoleApp", "ConsoleApp\JETest.ConsoleApp.csproj", "{B01B70DF-39D5-4A9C-A9AF-D9EB51E49688}"
EndProject
Global
	GlobalSection(SolutionConfigurationPlatforms) = preSolution
		Debug|Any CPU = Debug|Any CPU
		Release|Any CPU = Release|Any CPU
	EndGlobalSection
	GlobalSection(ProjectConfigurationPlatforms) = postSolution
		{C8ADABFA-88E2-4BFB-B824-9696AE2A93A8}.Debug|Any CPU.ActiveCfg = Debug|Any CPU
		{C8ADABFA-88E2-4BFB-B824-9696AE2A93A8}.Debug|Any CPU.Build.0 = Debug|Any CPU
		{C8ADABFA-88E2-4BFB-B824-9696AE2A93A8}.Release|Any CPU.ActiveCfg = Release|Any CPU
		{C8ADABFA-88E2-4BFB-B824-9696AE2A93A8}.Release|Any CPU.Build.0 = Release|Any CPU
		{958475D9-F45B-493C-93F3-8EEBA111C7C0}.Debug|Any CPU.ActiveCfg = Debug|Any CPU
		{958475D9-F45B-493C-93F3-8EEBA111C7C0}.Debug|Any CPU.Build.0 = Debug|Any CPU
		{958475D9-F45B-493C-93F3-8EEBA111C7C0}.Release|Any CPU.ActiveCfg = Release|Any CPU
		{958475D9-F45B-493C-93F3-8EEBA111C7C0}.Release|Any CPU.Build.0 = Release|Any CPU
		{B01B70DF-39D5-4A9C-A9AF-D9EB51E49688}.Debug|Any CPU.ActiveCfg = Debug|Any CPU
		{B01B70DF-39D5-4A9C-A9AF-D9EB51E49688}.Debug|Any CPU.Build.0 = Debug|Any CPU
		{B01B70DF-39D5-4A9C-A9AF-D9EB51E49688}.Release|Any CPU.ActiveCfg = Release|Any CPU
		{B01B70DF-39D5-4A9C-A9AF-D9EB51E49688}.Release|Any CPU.Build.0 = Release|Any CPU
	EndGlobalSection
	GlobalSection(SolutionProperties) = preSolution
		HideSolutionNode = FALSE
	EndGlobalSection
EndGlobal
